
Microsoft Visual Studio Solution File, Format Version 12.00
# Visual Studio Version 16
VisualStudioVersion = 16.0.29709.97
MinimumVisualStudioVersion = 10.0.40219.1
Project("{9A19103F-16F7-4668-BE54-9A1E7A4F7556}") = "UserPhotoContent.Tests.Integration", "UserPhotoContent.Tests.Integration\UserPhotoContent.Tests.Integration.csproj", "{04347B97-0CB6-4184-907E-2E9EF8C4BE52}"
EndProject
Project("{9A19103F-16F7-4668-BE54-9A1E7A4F7556}") = "UserPhotoContent.Tests.Unit", "UserPhotoContent.Tests.Unit\UserPhotoContent.Tests.Unit.csproj", "{FC50290C-E925-487F-999C-6432A3ADA8BD}"
EndProject
Project("{9A19103F-16F7-4668-BE54-9A1E7A4F7556}") = "UserPhotoContent.Api", "UserPhotoContent.Api\UserPhotoContent.Api.csproj", "{EA716C9B-8B52-4F8F-9C48-B9875979389C}"
EndProject
Project("{2150E333-8FDC-42A3-9474-1A3956D46DE8}") = "Tests", "Tests", "{175D14B3-2388-4396-BB0F-B576FB0F644B}"
EndProject
Project("{9A19103F-16F7-4668-BE54-9A1E7A4F7556}") = "UserPhotoContent.typicode", "UserPhotoContent.Services\UserPhotoContent.typicode.csproj", "{5848E8BB-802A-4EC4-ADF5-186C616246CC}"
EndProject
Project("{2150E333-8FDC-42A3-9474-1A3956D46DE8}") = "BLL", "BLL", "{CC1A9BE3-0337-42E1-B44E-4A84BE53EA61}"
EndProject
Project("{2150E333-8FDC-42A3-9474-1A3956D46DE8}") = "DAL", "DAL", "{FD78A48F-2589-4AC8-890F-5B2FB0F6D9F7}"
EndProject
Project("{2150E333-8FDC-42A3-9474-1A3956D46DE8}") = "Common", "Common", "{F6B8B645-FDE2-46C3-8188-28950C8798DD}"
EndProject
Project("{2150E333-8FDC-42A3-9474-1A3956D46DE8}") = "API", "API", "{3D35017B-B732-4BB7-BBC2-90C03B8D363B}"
EndProject
Project("{9A19103F-16F7-4668-BE54-9A1E7A4F7556}") = "UserPhotoContent.Common.Contracts", "UserPhotoContent.Interfaces\UserPhotoContent.Common.Contracts.csproj", "{1C969B8E-8017-4E43-B528-73DEF7C545B5}"
EndProject
Project("{9A19103F-16F7-4668-BE54-9A1E7A4F7556}") = "UserPhotoContent.Domain.Services", "UserPhotoContent.Domain\UserPhotoContent.Domain.Services.csproj", "{304AC02C-921B-4B86-A8E7-A81053183364}"
EndProject
Project("{9A19103F-16F7-4668-BE54-9A1E7A4F7556}") = "UserPhotoContent.Data", "UserPhotoContent.Data.Services\UserPhotoContent.Data.csproj", "{7E2F1EAB-E340-49F0-8646-AD986CB2A97D}"
EndProject
Project("{FAE04EC0-301F-11D3-BF4B-00C04F79EFBC}") = "UserPhotoContent.Common.Mapping", "UserPhotoContent.Common.Mapping\UserPhotoContent.Common.Mapping.csproj", "{5D13CA5A-4E17-4BEF-A1D3-828EBE2A29B6}"
EndProject
Project("{FAE04EC0-301F-11D3-BF4B-00C04F79EFBC}") = "UserPhotoContent.Domain.Models", "UserPhotoContent.Domain.Models\UserPhotoContent.Domain.Models.csproj", "{254681DC-E10A-47DA-A155-03FAED515EBA}"
EndProject
Global
	GlobalSection(SolutionConfigurationPlatforms) = preSolution
		Debug|Any CPU = Debug|Any CPU
		Release|Any CPU = Release|Any CPU
	EndGlobalSection
	GlobalSection(ProjectConfigurationPlatforms) = postSolution
		{04347B97-0CB6-4184-907E-2E9EF8C4BE52}.Debug|Any CPU.ActiveCfg = Debug|Any CPU
		{04347B97-0CB6-4184-907E-2E9EF8C4BE52}.Debug|Any CPU.Build.0 = Debug|Any CPU
		{04347B97-0CB6-4184-907E-2E9EF8C4BE52}.Release|Any CPU.ActiveCfg = Release|Any CPU
		{04347B97-0CB6-4184-907E-2E9EF8C4BE52}.Release|Any CPU.Build.0 = Release|Any CPU
		{FC50290C-E925-487F-999C-6432A3ADA8BD}.Debug|Any CPU.ActiveCfg = Debug|Any CPU
		{FC50290C-E925-487F-999C-6432A3ADA8BD}.Debug|Any CPU.Build.0 = Debug|Any CPU
		{FC50290C-E925-487F-999C-6432A3ADA8BD}.Release|Any CPU.ActiveCfg = Release|Any CPU
		{FC50290C-E925-487F-999C-6432A3ADA8BD}.Release|Any CPU.Build.0 = Release|Any CPU
		{EA716C9B-8B52-4F8F-9C48-B9875979389C}.Debug|Any CPU.ActiveCfg = Debug|Any CPU
		{EA716C9B-8B52-4F8F-9C48-B9875979389C}.Debug|Any CPU.Build.0 = Debug|Any CPU
		{EA716C9B-8B52-4F8F-9C48-B9875979389C}.Release|Any CPU.ActiveCfg = Release|Any CPU
		{EA716C9B-8B52-4F8F-9C48-B9875979389C}.Release|Any CPU.Build.0 = Release|Any CPU
		{5848E8BB-802A-4EC4-ADF5-186C616246CC}.Debug|Any CPU.ActiveCfg = Debug|Any CPU
		{5848E8BB-802A-4EC4-ADF5-186C616246CC}.Debug|Any CPU.Build.0 = Debug|Any CPU
		{5848E8BB-802A-4EC4-ADF5-186C616246CC}.Release|Any CPU.ActiveCfg = Release|Any CPU
		{5848E8BB-802A-4EC4-ADF5-186C616246CC}.Release|Any CPU.Build.0 = Release|Any CPU
		{1C969B8E-8017-4E43-B528-73DEF7C545B5}.Debug|Any CPU.ActiveCfg = Debug|Any CPU
		{1C969B8E-8017-4E43-B528-73DEF7C545B5}.Debug|Any CPU.Build.0 = Debug|Any CPU
		{1C969B8E-8017-4E43-B528-73DEF7C545B5}.Release|Any CPU.ActiveCfg = Release|Any CPU
		{1C969B8E-8017-4E43-B528-73DEF7C545B5}.Release|Any CPU.Build.0 = Release|Any CPU
		{304AC02C-921B-4B86-A8E7-A81053183364}.Debug|Any CPU.ActiveCfg = Debug|Any CPU
		{304AC02C-921B-4B86-A8E7-A81053183364}.Debug|Any CPU.Build.0 = Debug|Any CPU
		{304AC02C-921B-4B86-A8E7-A81053183364}.Release|Any CPU.ActiveCfg = Release|Any CPU
		{304AC02C-921B-4B86-A8E7-A81053183364}.Release|Any CPU.Build.0 = Release|Any CPU
		{7E2F1EAB-E340-49F0-8646-AD986CB2A97D}.Debug|Any CPU.ActiveCfg = Debug|Any CPU
		{7E2F1EAB-E340-49F0-8646-AD986CB2A97D}.Debug|Any CPU.Build.0 = Debug|Any CPU
		{7E2F1EAB-E340-49F0-8646-AD986CB2A97D}.Release|Any CPU.ActiveCfg = Release|Any CPU
		{7E2F1EAB-E340-49F0-8646-AD986CB2A97D}.Release|Any CPU.Build.0 = Release|Any CPU
		{5D13CA5A-4E17-4BEF-A1D3-828EBE2A29B6}.Debug|Any CPU.ActiveCfg = Debug|Any CPU
		{5D13CA5A-4E17-4BEF-A1D3-828EBE2A29B6}.Debug|Any CPU.Build.0 = Debug|Any CPU
		{5D13CA5A-4E17-4BEF-A1D3-828EBE2A29B6}.Release|Any CPU.ActiveCfg = Release|Any CPU
		{5D13CA5A-4E17-4BEF-A1D3-828EBE2A29B6}.Release|Any CPU.Build.0 = Release|Any CPU
		{254681DC-E10A-47DA-A155-03FAED515EBA}.Debug|Any CPU.ActiveCfg = Debug|Any CPU
		{254681DC-E10A-47DA-A155-03FAED515EBA}.Debug|Any CPU.Build.0 = Debug|Any CPU
		{254681DC-E10A-47DA-A155-03FAED515EBA}.Release|Any CPU.ActiveCfg = Release|Any CPU
		{254681DC-E10A-47DA-A155-03FAED515EBA}.Release|Any CPU.Build.0 = Release|Any CPU
	EndGlobalSection
	GlobalSection(SolutionProperties) = preSolution
		HideSolutionNode = FALSE
	EndGlobalSection
	GlobalSection(NestedProjects) = preSolution
		{04347B97-0CB6-4184-907E-2E9EF8C4BE52} = {175D14B3-2388-4396-BB0F-B576FB0F644B}
		{FC50290C-E925-487F-999C-6432A3ADA8BD} = {175D14B3-2388-4396-BB0F-B576FB0F644B}
		{EA716C9B-8B52-4F8F-9C48-B9875979389C} = {3D35017B-B732-4BB7-BBC2-90C03B8D363B}
		{5848E8BB-802A-4EC4-ADF5-186C616246CC} = {FD78A48F-2589-4AC8-890F-5B2FB0F6D9F7}
		{1C969B8E-8017-4E43-B528-73DEF7C545B5} = {F6B8B645-FDE2-46C3-8188-28950C8798DD}
		{304AC02C-921B-4B86-A8E7-A81053183364} = {CC1A9BE3-0337-42E1-B44E-4A84BE53EA61}
		{7E2F1EAB-E340-49F0-8646-AD986CB2A97D} = {FD78A48F-2589-4AC8-890F-5B2FB0F6D9F7}
		{5D13CA5A-4E17-4BEF-A1D3-828EBE2A29B6} = {F6B8B645-FDE2-46C3-8188-28950C8798DD}
		{254681DC-E10A-47DA-A155-03FAED515EBA} = {CC1A9BE3-0337-42E1-B44E-4A84BE53EA61}
	EndGlobalSection
	GlobalSection(ExtensibilityGlobals) = postSolution
		SolutionGuid = {0D27904B-666C-440B-9D5F-D503C3D608E8}
	EndGlobalSection
EndGlobal
